
Microsoft Visual Studio Solution File, Format Version 12.00
# Visual Studio Version 17
VisualStudioVersion = 17.14.36221.1 d17.14
MinimumVisualStudioVersion = 10.0.40219.1
Project("{FAE04EC0-301F-11D3-BF4B-00C04F79EFBC}") = "WorkflowTest", "WorkflowTest\WorkflowTest.csproj", "{E986F010-6566-4806-89CB-2FFD72BF18C5}"
EndProject
Project("{FAE04EC0-301F-11D3-BF4B-00C04F79EFBC}") = "WorkflowTest.test", "WorkflowTest.test\WorkflowTest.test.csproj", "{612335B9-B1E9-4D5B-B47C-85A0E98481B8}"
EndProject
Global
	GlobalSection(SolutionConfigurationPlatforms) = preSolution
		Debug|Any CPU = Debug|Any CPU
		Release|Any CPU = Release|Any CPU
	EndGlobalSection
	GlobalSection(ProjectConfigurationPlatforms) = postSolution
		{E986F010-6566-4806-89CB-2FFD72BF18C5}.Debug|Any CPU.ActiveCfg = Debug|Any CPU
		{E986F010-6566-4806-89CB-2FFD72BF18C5}.Debug|Any CPU.Build.0 = Debug|Any CPU
		{E986F010-6566-4806-89CB-2FFD72BF18C5}.Release|Any CPU.ActiveCfg = Release|Any CPU
		{E986F010-6566-4806-89CB-2FFD72BF18C5}.Release|Any CPU.Build.0 = Release|Any CPU
		{612335B9-B1E9-4D5B-B47C-85A0E98481B8}.Debug|Any CPU.ActiveCfg = Debug|Any CPU
		{612335B9-B1E9-4D5B-B47C-85A0E98481B8}.Debug|Any CPU.Build.0 = Debug|Any CPU
		{612335B9-B1E9-4D5B-B47C-85A0E98481B8}.Release|Any CPU.ActiveCfg = Release|Any CPU
		{612335B9-B1E9-4D5B-B47C-85A0E98481B8}.Release|Any CPU.Build.0 = Release|Any CPU
	EndGlobalSection
	GlobalSection(SolutionProperties) = preSolution
		HideSolutionNode = FALSE
	EndGlobalSection
	GlobalSection(ExtensibilityGlobals) = postSolution
		SolutionGuid = {B2BD2FD3-A6CB-4694-ACFB-8F2025CF8757}
	EndGlobalSection
EndGlobal
